
Microsoft Visual Studio Solution File, Format Version 12.00
# Visual Studio Version 17
VisualStudioVersion = 17.3.32901.215
MinimumVisualStudioVersion = 10.0.40219.1
Project("{FAE04EC0-301F-11D3-BF4B-00C04F79EFBC}") = "pro", "pro.csproj", "{EB3D023C-265F-4F9D-867E-4D7960F796A1}"
EndProject
Global
	GlobalSection(SolutionConfigurationPlatforms) = preSolution
		Debug|Any CPU = Debug|Any CPU
		Release|Any CPU = Release|Any CPU
	EndGlobalSection
	GlobalSection(ProjectConfigurationPlatforms) = postSolution
		{EB3D023C-265F-4F9D-867E-4D7960F796A1}.Debug|Any CPU.ActiveCfg = Debug|Any CPU
		{EB3D023C-265F-4F9D-867E-4D7960F796A1}.Debug|Any CPU.Build.0 = Debug|Any CPU
		{EB3D023C-265F-4F9D-867E-4D7960F796A1}.Release|Any CPU.ActiveCfg = Release|Any CPU
		{EB3D023C-265F-4F9D-867E-4D7960F796A1}.Release|Any CPU.Build.0 = Release|Any CPU
	EndGlobalSection
	GlobalSection(SolutionProperties) = preSolution
		HideSolutionNode = FALSE
	EndGlobalSection
	GlobalSection(ExtensibilityGlobals) = postSolution
		SolutionGuid = {725F12DC-6C50-44DC-B9FD-98A7F5F78DE5}
	EndGlobalSection
EndGlobal
